// !$*UTF8*$!
{
	archiveVersion = 1;
	classes = {
	};
	objectVersion = 55;
	objects = {

/* Begin PBXBuildFile section */
		9C1E4457278E29D700E43FE1 /* AppDelegate.swift in Sources */ = {isa = PBXBuildFile; fileRef = 9C1E4456278E29D700E43FE1 /* AppDelegate.swift */; };
		9C1E4459278E29D700E43FE1 /* SceneDelegate.swift in Sources */ = {isa = PBXBuildFile; fileRef = 9C1E4458278E29D700E43FE1 /* SceneDelegate.swift */; };
		9C1E445B278E29D700E43FE1 /* ViewController.swift in Sources */ = {isa = PBXBuildFile; fileRef = 9C1E445A278E29D700E43FE1 /* ViewController.swift */; };
		9C1E445E278E29D700E43FE1 /* Main.storyboard in Resources */ = {isa = PBXBuildFile; fileRef = 9C1E445C278E29D700E43FE1 /* Main.storyboard */; };
		9C1E4460278E29D900E43FE1 /* Assets.xcassets in Resources */ = {isa = PBXBuildFile; fileRef = 9C1E445F278E29D900E43FE1 /* Assets.xcassets */; };
		9C1E4463278E29D900E43FE1 /* LaunchScreen.storyboard in Resources */ = {isa = PBXBuildFile; fileRef = 9C1E4461278E29D900E43FE1 /* LaunchScreen.storyboard */; };
		9C1E446E278E29D900E43FE1 /* UI_Buttons_PracticeTests.swift in Sources */ = {isa = PBXBuildFile; fileRef = 9C1E446D278E29D900E43FE1 /* UI_Buttons_PracticeTests.swift */; };
		9C1E4478278E29DA00E43FE1 /* UI_Buttons_PracticeUITests.swift in Sources */ = {isa = PBXBuildFile; fileRef = 9C1E4477278E29DA00E43FE1 /* UI_Buttons_PracticeUITests.swift */; };
		9C1E447A278E29DA00E43FE1 /* UI_Buttons_PracticeUITestsLaunchTests.swift in Sources */ = {isa = PBXBuildFile; fileRef = 9C1E4479278E29DA00E43FE1 /* UI_Buttons_PracticeUITestsLaunchTests.swift */; };
/* End PBXBuildFile section */

/* Begin PBXContainerItemProxy section */
		9C1E446A278E29D900E43FE1 /* PBXContainerItemProxy */ = {
			isa = PBXContainerItemProxy;
			containerPortal = 9C1E444B278E29D700E43FE1 /* Project object */;
			proxyType = 1;
			remoteGlobalIDString = 9C1E4452278E29D700E43FE1;
			remoteInfo = "UI Buttons Practice";
		};
		9C1E4474278E29D900E43FE1 /* PBXContainerItemProxy */ = {
			isa = PBXContainerItemProxy;
			containerPortal = 9C1E444B278E29D700E43FE1 /* Project object */;
			proxyType = 1;
			remoteGlobalIDString = 9C1E4452278E29D700E43FE1;
			remoteInfo = "UI Buttons Practice";
		};
/* End PBXContainerItemProxy section */

/* Begin PBXFileReference section */
		9C1E4453278E29D700E43FE1 /* UI Buttons Practice.app */ = {isa = PBXFileReference; explicitFileType = wrapper.application; includeInIndex = 0; path = "UI Buttons Practice.app"; sourceTree = BUILT_PRODUCTS_DIR; };
		9C1E4456278E29D700E43FE1 /* AppDelegate.swift */ = {isa = PBXFileReference; lastKnownFileType = sourcecode.swift; path = AppDelegate.swift; sourceTree = "<group>"; };
		9C1E4458278E29D700E43FE1 /* SceneDelegate.swift */ = {isa = PBXFileReference; lastKnownFileType = sourcecode.swift; path = SceneDelegate.swift; sourceTree = "<group>"; };
		9C1E445A278E29D700E43FE1 /* ViewController.swift */ = {isa = PBXFileReference; lastKnownFileType = sourcecode.swift; path = ViewController.swift; sourceTree = "<group>"; };
		9C1E445D278E29D700E43FE1 /* Base */ = {isa = PBXFileReference; lastKnownFileType = file.storyboard; name = Base; path = Base.lproj/Main.storyboard; sourceTree = "<group>"; };
		9C1E445F278E29D900E43FE1 /* Assets.xcassets */ = {isa = PBXFileReference; lastKnownFileType = folder.assetcatalog; path = Assets.xcassets; sourceTree = "<group>"; };
		9C1E4462278E29D900E43FE1 /* Base */ = {isa = PBXFileReference; lastKnownFileType = file.storyboard; name = Base; path = Base.lproj/LaunchScreen.storyboard; sourceTree = "<group>"; };
		9C1E4464278E29D900E43FE1 /* Info.plist */ = {isa = PBXFileReference; lastKnownFileType = text.plist.xml; path = Info.plist; sourceTree = "<group>"; };
		9C1E4469278E29D900E43FE1 /* UI Buttons PracticeTests.xctest */ = {isa = PBXFileReference; explicitFileType = wrapper.cfbundle; includeInIndex = 0; path = "UI Buttons PracticeTests.xctest"; sourceTree = BUILT_PRODUCTS_DIR; };
		9C1E446D278E29D900E43FE1 /* UI_Buttons_PracticeTests.swift */ = {isa = PBXFileReference; lastKnownFileType = sourcecode.swift; path = UI_Buttons_PracticeTests.swift; sourceTree = "<group>"; };
		9C1E4473278E29D900E43FE1 /* UI Buttons PracticeUITests.xctest */ = {isa = PBXFileReference; explicitFileType = wrapper.cfbundle; includeInIndex = 0; path = "UI Buttons PracticeUITests.xctest"; sourceTree = BUILT_PRODUCTS_DIR; };
		9C1E4477278E29DA00E43FE1 /* UI_Buttons_PracticeUITests.swift */ = {isa = PBXFileReference; lastKnownFileType = sourcecode.swift; path = UI_Buttons_PracticeUITests.swift; sourceTree = "<group>"; };
		9C1E4479278E29DA00E43FE1 /* UI_Buttons_PracticeUITestsLaunchTests.swift */ = {isa = PBXFileReference; lastKnownFileType = sourcecode.swift; path = UI_Buttons_PracticeUITestsLaunchTests.swift; sourceTree = "<group>"; };
/* End PBXFileReference section */

/* Begin PBXFrameworksBuildPhase section */
		9C1E4450278E29D700E43FE1 /* Frameworks */ = {
			isa = PBXFrameworksBuildPhase;
			buildActionMask = 2147483647;
			files = (
			);
			runOnlyForDeploymentPostprocessing = 0;
		};
		9C1E4466278E29D900E43FE1 /* Frameworks */ = {
			isa = PBXFrameworksBuildPhase;
			buildActionMask = 2147483647;
			files = (
			);
			runOnlyForDeploymentPostprocessing = 0;
		};
		9C1E4470278E29D900E43FE1 /* Frameworks */ = {
			isa = PBXFrameworksBuildPhase;
			buildActionMask = 2147483647;
			files = (
			);
			runOnlyForDeploymentPostprocessing = 0;
		};
/* End PBXFrameworksBuildPhase section */

/* Begin PBXGroup section */
		9C1E444A278E29D700E43FE1 = {
			isa = PBXGroup;
			children = (
				9C1E4455278E29D700E43FE1 /* UI Buttons Practice */,
				9C1E446C278E29D900E43FE1 /* UI Buttons PracticeTests */,
				9C1E4476278E29D900E43FE1 /* UI Buttons PracticeUITests */,
				9C1E4454278E29D700E43FE1 /* Products */,
			);
			sourceTree = "<group>";
		};
		9C1E4454278E29D700E43FE1 /* Products */ = {
			isa = PBXGroup;
			children = (
				9C1E4453278E29D700E43FE1 /* UI Buttons Practice.app */,
				9C1E4469278E29D900E43FE1 /* UI Buttons PracticeTests.xctest */,
				9C1E4473278E29D900E43FE1 /* UI Buttons PracticeUITests.xctest */,
			);
			name = Products;
			sourceTree = "<group>";
		};
		9C1E4455278E29D700E43FE1 /* UI Buttons Practice */ = {
			isa = PBXGroup;
			children = (
				9C1E4456278E29D700E43FE1 /* AppDelegate.swift */,
				9C1E4458278E29D700E43FE1 /* SceneDelegate.swift */,
				9C1E445A278E29D700E43FE1 /* ViewController.swift */,
				9C1E445C278E29D700E43FE1 /* Main.storyboard */,
				9C1E445F278E29D900E43FE1 /* Assets.xcassets */,
				9C1E4461278E29D900E43FE1 /* LaunchScreen.storyboard */,
				9C1E4464278E29D900E43FE1 /* Info.plist */,
			);
			path = "UI Buttons Practice";
			sourceTree = "<group>";
		};
		9C1E446C278E29D900E43FE1 /* UI Buttons PracticeTests */ = {
			isa = PBXGroup;
			children = (
				9C1E446D278E29D900E43FE1 /* UI_Buttons_PracticeTests.swift */,
			);
			path = "UI Buttons PracticeTests";
			sourceTree = "<group>";
		};
		9C1E4476278E29D900E43FE1 /* UI Buttons PracticeUITests */ = {
			isa = PBXGroup;
			children = (
				9C1E4477278E29DA00E43FE1 /* UI_Buttons_PracticeUITests.swift */,
				9C1E4479278E29DA00E43FE1 /* UI_Buttons_PracticeUITestsLaunchTests.swift */,
			);
			path = "UI Buttons PracticeUITests";
			sourceTree = "<group>";
		};
/* End PBXGroup section */

/* Begin PBXNativeTarget section */
		9C1E4452278E29D700E43FE1 /* UI Buttons Practice */ = {
			isa = PBXNativeTarget;
			buildConfigurationList = 9C1E447D278E29DA00E43FE1 /* Build configuration list for PBXNativeTarget "UI Buttons Practice" */;
			buildPhases = (
				9C1E444F278E29D700E43FE1 /* Sources */,
				9C1E4450278E29D700E43FE1 /* Frameworks */,
				9C1E4451278E29D700E43FE1 /* Resources */,
			);
			buildRules = (
			);
			dependencies = (
			);
			name = "UI Buttons Practice";
			productName = "UI Buttons Practice";
			productReference = 9C1E4453278E29D700E43FE1 /* UI Buttons Practice.app */;
			productType = "com.apple.product-type.application";
		};
		9C1E4468278E29D900E43FE1 /* UI Buttons PracticeTests */ = {
			isa = PBXNativeTarget;
			buildConfigurationList = 9C1E4480278E29DA00E43FE1 /* Build configuration list for PBXNativeTarget "UI Buttons PracticeTests" */;
			buildPhases = (
				9C1E4465278E29D900E43FE1 /* Sources */,
				9C1E4466278E29D900E43FE1 /* Frameworks */,
				9C1E4467278E29D900E43FE1 /* Resources */,
			);
			buildRules = (
			);
			dependencies = (
				9C1E446B278E29D900E43FE1 /* PBXTargetDependency */,
			);
			name = "UI Buttons PracticeTests";
			productName = "UI Buttons PracticeTests";
			productReference = 9C1E4469278E29D900E43FE1 /* UI Buttons PracticeTests.xctest */;
			productType = "com.apple.product-type.bundle.unit-test";
		};
		9C1E4472278E29D900E43FE1 /* UI Buttons PracticeUITests */ = {
			isa = PBXNativeTarget;
			buildConfigurationList = 9C1E4483278E29DA00E43FE1 /* Build configuration list for PBXNativeTarget "UI Buttons PracticeUITests" */;
			buildPhases = (
				9C1E446F278E29D900E43FE1 /* Sources */,
				9C1E4470278E29D900E43FE1 /* Frameworks */,
				9C1E4471278E29D900E43FE1 /* Resources */,
			);
			buildRules = (
			);
			dependencies = (
				9C1E4475278E29D900E43FE1 /* PBXTargetDependency */,
			);
			name = "UI Buttons PracticeUITests";
			productName = "UI Buttons PracticeUITests";
			productReference = 9C1E4473278E29D900E43FE1 /* UI Buttons PracticeUITests.xctest */;
			productType = "com.apple.product-type.bundle.ui-testing";
		};
/* End PBXNativeTarget section */

/* Begin PBXProject section */
		9C1E444B278E29D700E43FE1 /* Project object */ = {
			isa = PBXProject;
			attributes = {
				BuildIndependentTargetsInParallel = 1;
				LastSwiftUpdateCheck = 1320;
				LastUpgradeCheck = 1320;
				TargetAttributes = {
					9C1E4452278E29D700E43FE1 = {
						CreatedOnToolsVersion = 13.2;
					};
					9C1E4468278E29D900E43FE1 = {
						CreatedOnToolsVersion = 13.2;
						TestTargetID = 9C1E4452278E29D700E43FE1;
					};
					9C1E4472278E29D900E43FE1 = {
						CreatedOnToolsVersion = 13.2;
						TestTargetID = 9C1E4452278E29D700E43FE1;
					};
				};
			};
			buildConfigurationList = 9C1E444E278E29D700E43FE1 /* Build configuration list for PBXProject "UI Buttons Practice" */;
			compatibilityVersion = "Xcode 13.0";
			developmentRegion = en;
			hasScannedForEncodings = 0;
			knownRegions = (
				en,
				Base,
			);
			mainGroup = 9C1E444A278E29D700E43FE1;
			productRefGroup = 9C1E4454278E29D700E43FE1 /* Products */;
			projectDirPath = "";
			projectRoot = "";
			targets = (
				9C1E4452278E29D700E43FE1 /* UI Buttons Practice */,
				9C1E4468278E29D900E43FE1 /* UI Buttons PracticeTests */,
				9C1E4472278E29D900E43FE1 /* UI Buttons PracticeUITests */,
			);
		};
/* End PBXProject section */

/* Begin PBXResourcesBuildPhase section */
		9C1E4451278E29D700E43FE1 /* Resources */ = {
			isa = PBXResourcesBuildPhase;
			buildActionMask = 2147483647;
			files = (
				9C1E4463278E29D900E43FE1 /* LaunchScreen.storyboard in Resources */,
				9C1E4460278E29D900E43FE1 /* Assets.xcassets in Resources */,
				9C1E445E278E29D700E43FE1 /* Main.storyboard in Resources */,
			);
			runOnlyForDeploymentPostprocessing = 0;
		};
		9C1E4467278E29D900E43FE1 /* Resources */ = {
			isa = PBXResourcesBuildPhase;
			buildActionMask = 2147483647;
			files = (
			);
			runOnlyForDeploymentPostprocessing = 0;
		};
		9C1E4471278E29D900E43FE1 /* Resources */ = {
			isa = PBXResourcesBuildPhase;
			buildActionMask = 2147483647;
			files = (
			);
			runOnlyForDeploymentPostprocessing = 0;
		};
/* End PBXResourcesBuildPhase section */

/* Begin PBXSourcesBuildPhase section */
		9C1E444F278E29D700E43FE1 /* Sources */ = {
			isa = PBXSourcesBuildPhase;
			buildActionMask = 2147483647;
			files = (
				9C1E445B278E29D700E43FE1 /* ViewController.swift in Sources */,
				9C1E4457278E29D700E43FE1 /* AppDelegate.swift in Sources */,
				9C1E4459278E29D700E43FE1 /* SceneDelegate.swift in Sources */,
			);
			runOnlyForDeploymentPostprocessing = 0;
		};
		9C1E4465278E29D900E43FE1 /* Sources */ = {
			isa = PBXSourcesBuildPhase;
			buildActionMask = 2147483647;
			files = (
				9C1E446E278E29D900E43FE1 /* UI_Buttons_PracticeTests.swift in Sources */,
			);
			runOnlyForDeploymentPostprocessing = 0;
		};
		9C1E446F278E29D900E43FE1 /* Sources */ = {
			isa = PBXSourcesBuildPhase;
			buildActionMask = 2147483647;
			files = (
				9C1E4478278E29DA00E43FE1 /* UI_Buttons_PracticeUITests.swift in Sources */,
				9C1E447A278E29DA00E43FE1 /* UI_Buttons_PracticeUITestsLaunchTests.swift in Sources */,
			);
			runOnlyForDeploymentPostprocessing = 0;
		};
/* End PBXSourcesBuildPhase section */

/* Begin PBXTargetDependency section */
		9C1E446B278E29D900E43FE1 /* PBXTargetDependency */ = {
			isa = PBXTargetDependency;
			target = 9C1E4452278E29D700E43FE1 /* UI Buttons Practice */;
			targetProxy = 9C1E446A278E29D900E43FE1 /* PBXContainerItemProxy */;
		};
		9C1E4475278E29D900E43FE1 /* PBXTargetDependency */ = {
			isa = PBXTargetDependency;
			target = 9C1E4452278E29D700E43FE1 /* UI Buttons Practice */;
			targetProxy = 9C1E4474278E29D900E43FE1 /* PBXContainerItemProxy */;
		};
/* End PBXTargetDependency section */

/* Begin PBXVariantGroup section */
		9C1E445C278E29D700E43FE1 /* Main.storyboard */ = {
			isa = PBXVariantGroup;
			children = (
				9C1E445D278E29D700E43FE1 /* Base */,
			);
			name = Main.storyboard;
			sourceTree = "<group>";
		};
		9C1E4461278E29D900E43FE1 /* LaunchScreen.storyboard */ = {
			isa = PBXVariantGroup;
			children = (
				9C1E4462278E29D900E43FE1 /* Base */,
			);
			name = LaunchScreen.storyboard;
			sourceTree = "<group>";
		};
/* End PBXVariantGroup section */

/* Begin XCBuildConfiguration section */
		9C1E447B278E29DA00E43FE1 /* Debug */ = {
			isa = XCBuildConfiguration;
			buildSettings = {
				ALWAYS_SEARCH_USER_PATHS = NO;
				CLANG_ANALYZER_NONNULL = YES;
				CLANG_ANALYZER_NUMBER_OBJECT_CONVERSION = YES_AGGRESSIVE;
				CLANG_CXX_LANGUAGE_STANDARD = "gnu++17";
				CLANG_CXX_LIBRARY = "libc++";
				CLANG_ENABLE_MODULES = YES;
				CLANG_ENABLE_OBJC_ARC = YES;
				CLANG_ENABLE_OBJC_WEAK = YES;
				CLANG_WARN_BLOCK_CAPTURE_AUTORELEASING = YES;
				CLANG_WARN_BOOL_CONVERSION = YES;
				CLANG_WARN_COMMA = YES;
				CLANG_WARN_CONSTANT_CONVERSION = YES;
				CLANG_WARN_DEPRECATED_OBJC_IMPLEMENTATIONS = YES;
				CLANG_WARN_DIRECT_OBJC_ISA_USAGE = YES_ERROR;
				CLANG_WARN_DOCUMENTATION_COMMENTS = YES;
				CLANG_WARN_EMPTY_BODY = YES;
				CLANG_WARN_ENUM_CONVERSION = YES;
				CLANG_WARN_INFINITE_RECURSION = YES;
				CLANG_WARN_INT_CONVERSION = YES;
				CLANG_WARN_NON_LITERAL_NULL_CONVERSION = YES;
				CLANG_WARN_OBJC_IMPLICIT_RETAIN_SELF = YES;
				CLANG_WARN_OBJC_LITERAL_CONVERSION = YES;
				CLANG_WARN_OBJC_ROOT_CLASS = YES_ERROR;
				CLANG_WARN_QUOTED_INCLUDE_IN_FRAMEWORK_HEADER = YES;
				CLANG_WARN_RANGE_LOOP_ANALYSIS = YES;
				CLANG_WARN_STRICT_PROTOTYPES = YES;
				CLANG_WARN_SUSPICIOUS_MOVE = YES;
				CLANG_WARN_UNGUARDED_AVAILABILITY = YES_AGGRESSIVE;
				CLANG_WARN_UNREACHABLE_CODE = YES;
				CLANG_WARN__DUPLICATE_METHOD_MATCH = YES;
				COPY_PHASE_STRIP = NO;
				DEBUG_INFORMATION_FORMAT = dwarf;
				ENABLE_STRICT_OBJC_MSGSEND = YES;
				ENABLE_TESTABILITY = YES;
				GCC_C_LANGUAGE_STANDARD = gnu11;
				GCC_DYNAMIC_NO_PIC = NO;
				GCC_NO_COMMON_BLOCKS = YES;
				GCC_OPTIMIZATION_LEVEL = 0;
				GCC_PREPROCESSOR_DEFINITIONS = (
					"DEBUG=1",
					"$(inherited)",
				);
				GCC_WARN_64_TO_32_BIT_CONVERSION = YES;
				GCC_WARN_ABOUT_RETURN_TYPE = YES_ERROR;
				GCC_WARN_UNDECLARED_SELECTOR = YES;
				GCC_WARN_UNINITIALIZED_AUTOS = YES_AGGRESSIVE;
				GCC_WARN_UNUSED_FUNCTION = YES;
				GCC_WARN_UNUSED_VARIABLE = YES;
				IPHONEOS_DEPLOYMENT_TARGET = 15.2;
				MTL_ENABLE_DEBUG_INFO = INCLUDE_SOURCE;
				MTL_FAST_MATH = YES;
				ONLY_ACTIVE_ARCH = YES;
				SDKROOT = iphoneos;
				SWIFT_ACTIVE_COMPILATION_CONDITIONS = DEBUG;
				SWIFT_OPTIMIZATION_LEVEL = "-Onone";
			};
			name = Debug;
		};
		9C1E447C278E29DA00E43FE1 /* Release */ = {
			isa = XCBuildConfiguration;
			buildSettings = {
				ALWAYS_SEARCH_USER_PATHS = NO;
				CLANG_ANALYZER_NONNULL = YES;
				CLANG_ANALYZER_NUMBER_OBJECT_CONVERSION = YES_AGGRESSIVE;
				CLANG_CXX_LANGUAGE_STANDARD = "gnu++17";
				CLANG_CXX_LIBRARY = "libc++";
				CLANG_ENABLE_MODULES = YES;
				CLANG_ENABLE_OBJC_ARC = YES;
				CLANG_ENABLE_OBJC_WEAK = YES;
				CLANG_WARN_BLOCK_CAPTURE_AUTORELEASING = YES;
				CLANG_WARN_BOOL_CONVERSION = YES;
				CLANG_WARN_COMMA = YES;
				CLANG_WARN_CONSTANT_CONVERSION = YES;
				CLANG_WARN_DEPRECATED_OBJC_IMPLEMENTATIONS = YES;
				CLANG_WARN_DIRECT_OBJC_ISA_USAGE = YES_ERROR;
				CLANG_WARN_DOCUMENTATION_COMMENTS = YES;
				CLANG_WARN_EMPTY_BODY = YES;
				CLANG_WARN_ENUM_CONVERSION = YES;
				CLANG_WARN_INFINITE_RECURSION = YES;
				CLANG_WARN_INT_CONVERSION = YES;
				CLANG_WARN_NON_LITERAL_NULL_CONVERSION = YES;
				CLANG_WARN_OBJC_IMPLICIT_RETAIN_SELF = YES;
				CLANG_WARN_OBJC_LITERAL_CONVERSION = YES;
				CLANG_WARN_OBJC_ROOT_CLASS = YES_ERROR;
				CLANG_WARN_QUOTED_INCLUDE_IN_FRAMEWORK_HEADER = YES;
				CLANG_WARN_RANGE_LOOP_ANALYSIS = YES;
				CLANG_WARN_STRICT_PROTOTYPES = YES;
				CLANG_WARN_SUSPICIOUS_MOVE = YES;
				CLANG_WARN_UNGUARDED_AVAILABILITY = YES_AGGRESSIVE;
				CLANG_WARN_UNREACHABLE_CODE = YES;
				CLANG_WARN__DUPLICATE_METHOD_MATCH = YES;
				COPY_PHASE_STRIP = NO;
				DEBUG_INFORMATION_FORMAT = "dwarf-with-dsym";
				ENABLE_NS_ASSERTIONS = NO;
				ENABLE_STRICT_OBJC_MSGSEND = YES;
				GCC_C_LANGUAGE_STANDARD = gnu11;
				GCC_NO_COMMON_BLOCKS = YES;
				GCC_WARN_64_TO_32_BIT_CONVERSION = YES;
				GCC_WARN_ABOUT_RETURN_TYPE = YES_ERROR;
				GCC_WARN_UNDECLARED_SELECTOR = YES;
				GCC_WARN_UNINITIALIZED_AUTOS = YES_AGGRESSIVE;
				GCC_WARN_UNUSED_FUNCTION = YES;
				GCC_WARN_UNUSED_VARIABLE = YES;
				IPHONEOS_DEPLOYMENT_TARGET = 15.2;
				MTL_ENABLE_DEBUG_INFO = NO;
				MTL_FAST_MATH = YES;
				SDKROOT = iphoneos;
				SWIFT_COMPILATION_MODE = wholemodule;
				SWIFT_OPTIMIZATION_LEVEL = "-O";
				VALIDATE_PRODUCT = YES;
			};
			name = Release;
		};
		9C1E447E278E29DA00E43FE1 /* Debug */ = {
			isa = XCBuildConfiguration;
			buildSettings = {
				ASSETCATALOG_COMPILER_APPICON_NAME = AppIcon;
				ASSETCATALOG_COMPILER_GLOBAL_ACCENT_COLOR_NAME = AccentColor;
				CODE_SIGN_STYLE = Automatic;
				CURRENT_PROJECT_VERSION = 1;
				GENERATE_INFOPLIST_FILE = YES;
				INFOPLIST_FILE = "UI Buttons Practice/Info.plist";
				INFOPLIST_KEY_UIApplicationSupportsIndirectInputEvents = YES;
				INFOPLIST_KEY_UILaunchStoryboardName = LaunchScreen;
				INFOPLIST_KEY_UIMainStoryboardFile = Main;
				INFOPLIST_KEY_UISupportedInterfaceOrientations_iPad = "UIInterfaceOrientationPortrait UIInterfaceOrientationPortraitUpsideDown UIInterfaceOrientationLandscapeLeft UIInterfaceOrientationLandscapeRight";
				INFOPLIST_KEY_UISupportedInterfaceOrientations_iPhone = "UIInterfaceOrientationPortrait UIInterfaceOrientationLandscapeLeft UIInterfaceOrientationLandscapeRight";
				LD_RUNPATH_SEARCH_PATHS = (
					"$(inherited)",
					"@executable_path/Frameworks",
				);
				MARKETING_VERSION = 1.0;
				PRODUCT_BUNDLE_IDENTIFIER = "Futures-Lab.UI-Buttons-Practice";
				PRODUCT_NAME = "$(TARGET_NAME)";
				SWIFT_EMIT_LOC_STRINGS = YES;
				SWIFT_VERSION = 5.0;
				TARGETED_DEVICE_FAMILY = "1,2";
			};
			name = Debug;
		};
		9C1E447F278E29DA00E43FE1 /* Release */ = {
			isa = XCBuildConfiguration;
			buildSettings = {
				ASSETCATALOG_COMPILER_APPICON_NAME = AppIcon;
				ASSETCATALOG_COMPILER_GLOBAL_ACCENT_COLOR_NAME = AccentColor;
				CODE_SIGN_STYLE = Automatic;
				CURRENT_PROJECT_VERSION = 1;
				GENERATE_INFOPLIST_FILE = YES;
				INFOPLIST_FILE = "UI Buttons Practice/Info.plist";
				INFOPLIST_KEY_UIApplicationSupportsIndirectInputEvents = YES;
				INFOPLIST_KEY_UILaunchStoryboardName = LaunchScreen;
				INFOPLIST_KEY_UIMainStoryboardFile = Main;
				INFOPLIST_KEY_UISupportedInterfaceOrientations_iPad = "UIInterfaceOrientationPortrait UIInterfaceOrientationPortraitUpsideDown UIInterfaceOrientationLandscapeLeft UIInterfaceOrientationLandscapeRight";
				INFOPLIST_KEY_UISupportedInterfaceOrientations_iPhone = "UIInterfaceOrientationPortrait UIInterfaceOrientationLandscapeLeft UIInterfaceOrientationLandscapeRight";
				LD_RUNPATH_SEARCH_PATHS = (
					"$(inherited)",
					"@executable_path/Frameworks",
				);
				MARKETING_VERSION = 1.0;
				PRODUCT_BUNDLE_IDENTIFIER = "Futures-Lab.UI-Buttons-Practice";
				PRODUCT_NAME = "$(TARGET_NAME)";
				SWIFT_EMIT_LOC_STRINGS = YES;
				SWIFT_VERSION = 5.0;
				TARGETED_DEVICE_FAMILY = "1,2";
			};
			name = Release;
		};
		9C1E4481278E29DA00E43FE1 /* Debug */ = {
			isa = XCBuildConfiguration;
			buildSettings = {
				ALWAYS_EMBED_SWIFT_STANDARD_LIBRARIES = YES;
				BUNDLE_LOADER = "$(TEST_HOST)";
				CODE_SIGN_STYLE = Automatic;
				CURRENT_PROJECT_VERSION = 1;
				GENERATE_INFOPLIST_FILE = YES;
				IPHONEOS_DEPLOYMENT_TARGET = 15.2;
				MARKETING_VERSION = 1.0;
				PRODUCT_BUNDLE_IDENTIFIER = "Futures-Lab.UI-Buttons-PracticeTests";
				PRODUCT_NAME = "$(TARGET_NAME)";
				SWIFT_EMIT_LOC_STRINGS = NO;
				SWIFT_VERSION = 5.0;
				TARGETED_DEVICE_FAMILY = "1,2";
				TEST_HOST = "$(BUILT_PRODUCTS_DIR)/UI Buttons Practice.app/UI Buttons Practice";
			};
			name = Debug;
		};
		9C1E4482278E29DA00E43FE1 /* Release */ = {
			isa = XCBuildConfiguration;
			buildSettings = {
				ALWAYS_EMBED_SWIFT_STANDARD_LIBRARIES = YES;
				BUNDLE_LOADER = "$(TEST_HOST)";
				CODE_SIGN_STYLE = Automatic;
				CURRENT_PROJECT_VERSION = 1;
				GENERATE_INFOPLIST_FILE = YES;
				IPHONEOS_DEPLOYMENT_TARGET = 15.2;
				MARKETING_VERSION = 1.0;
				PRODUCT_BUNDLE_IDENTIFIER = "Futures-Lab.UI-Buttons-PracticeTests";
				PRODUCT_NAME = "$(TARGET_NAME)";
				SWIFT_EMIT_LOC_STRINGS = NO;
				SWIFT_VERSION = 5.0;
				TARGETED_DEVICE_FAMILY = "1,2";
				TEST_HOST = "$(BUILT_PRODUCTS_DIR)/UI Buttons Practice.app/UI Buttons Practice";
			};
			name = Release;
		};
		9C1E4484278E29DA00E43FE1 /* Debug */ = {
			isa = XCBuildConfiguration;
			buildSettings = {
				ALWAYS_EMBED_SWIFT_STANDARD_LIBRARIES = YES;
				CODE_SIGN_STYLE = Automatic;
				CURRENT_PROJECT_VERSION = 1;
				GENERATE_INFOPLIST_FILE = YES;
				MARKETING_VERSION = 1.0;
				PRODUCT_BUNDLE_IDENTIFIER = "Futures-Lab.UI-Buttons-PracticeUITests";
				PRODUCT_NAME = "$(TARGET_NAME)";
				SWIFT_EMIT_LOC_STRINGS = NO;
				SWIFT_VERSION = 5.0;
				TARGETED_DEVICE_FAMILY = "1,2";
				TEST_TARGET_NAME = "UI Buttons Practice";
			};
			name = Debug;
		};
		9C1E4485278E29DA00E43FE1 /* Release */ = {
			isa = XCBuildConfiguration;
			buildSettings = {
				ALWAYS_EMBED_SWIFT_STANDARD_LIBRARIES = YES;
				CODE_SIGN_STYLE = Automatic;
				CURRENT_PROJECT_VERSION = 1;
				GENERATE_INFOPLIST_FILE = YES;
				MARKETING_VERSION = 1.0;
				PRODUCT_BUNDLE_IDENTIFIER = "Futures-Lab.UI-Buttons-PracticeUITests";
				PRODUCT_NAME = "$(TARGET_NAME)";
				SWIFT_EMIT_LOC_STRINGS = NO;
				SWIFT_VERSION = 5.0;
				TARGETED_DEVICE_FAMILY = "1,2";
				TEST_TARGET_NAME = "UI Buttons Practice";
			};
			name = Release;
		};
/* End XCBuildConfiguration section */

/* Begin XCConfigurationList section */
		9C1E444E278E29D700E43FE1 /* Build configuration list for PBXProject "UI Buttons Practice" */ = {
			isa = XCConfigurationList;
			buildConfigurations = (
				9C1E447B278E29DA00E43FE1 /* Debug */,
				9C1E447C278E29DA00E43FE1 /* Release */,
			);
			defaultConfigurationIsVisible = 0;
			defaultConfigurationName = Release;
		};
		9C1E447D278E29DA00E43FE1 /* Build configuration list for PBXNativeTarget "UI Buttons Practice" */ = {
			isa = XCConfigurationList;
			buildConfigurations = (
				9C1E447E278E29DA00E43FE1 /* Debug */,
				9C1E447F278E29DA00E43FE1 /* Release */,
			);
			defaultConfigurationIsVisible = 0;
			defaultConfigurationName = Release;
		};
		9C1E4480278E29DA00E43FE1 /* Build configuration list for PBXNativeTarget "UI Buttons PracticeTests" */ = {
			isa = XCConfigurationList;
			buildConfigurations = (
				9C1E4481278E29DA00E43FE1 /* Debug */,
				9C1E4482278E29DA00E43FE1 /* Release */,
			);
			defaultConfigurationIsVisible = 0;
			defaultConfigurationName = Release;
		};
		9C1E4483278E29DA00E43FE1 /* Build configuration list for PBXNativeTarget "UI Buttons PracticeUITests" */ = {
			isa = XCConfigurationList;
			buildConfigurations = (
				9C1E4484278E29DA00E43FE1 /* Debug */,
				9C1E4485278E29DA00E43FE1 /* Release */,
			);
			defaultConfigurationIsVisible = 0;
			defaultConfigurationName = Release;
		};
/* End XCConfigurationList section */
	};
	rootObject = 9C1E444B278E29D700E43FE1 /* Project object */;
}
